// !$*UTF8*$!
{
	archiveVersion = 1;
	classes = {
	};
	objectVersion = 50;
	objects = {

/* Begin PBXBuildFile section */
		0915570BA91022D8197E87AA /* Pods_SwipeMatching.framework in Frameworks */ = {isa = PBXBuildFile; fileRef = 2F7F0C260A461F5BBF055108 /* Pods_SwipeMatching.framework */; };
		B70753DB2243BEE2003D6984 /* PhotoController.swift in Sources */ = {isa = PBXBuildFile; fileRef = B70753DA2243BEE2003D6984 /* PhotoController.swift */; };
		B781EDA72232F53900424895 /* SettingsController.swift in Sources */ = {isa = PBXBuildFile; fileRef = B781EDA62232F53900424895 /* SettingsController.swift */; };
		B781EDA922331FC800424895 /* SettingsCell.swift in Sources */ = {isa = PBXBuildFile; fileRef = B781EDA822331FC800424895 /* SettingsCell.swift */; };
		B781EDAB2235A12100424895 /* AgeRangeCell.swift in Sources */ = {isa = PBXBuildFile; fileRef = B781EDAA2235A12100424895 /* AgeRangeCell.swift */; };
		B781EDAE2238B09F00424895 /* LoginController.swift in Sources */ = {isa = PBXBuildFile; fileRef = B781EDAD2238B09F00424895 /* LoginController.swift */; };
		B781EDB02238B35A00424895 /* LoginViewModel.swift in Sources */ = {isa = PBXBuildFile; fileRef = B781EDAF2238B35A00424895 /* LoginViewModel.swift */; };
		B781EDB22238C2F800424895 /* Firebase+Utils.swift in Sources */ = {isa = PBXBuildFile; fileRef = B781EDB12238C2F800424895 /* Firebase+Utils.swift */; };
		B781EDB5223A7FED00424895 /* UserDetailsController.swift in Sources */ = {isa = PBXBuildFile; fileRef = B781EDB4223A7FED00424895 /* UserDetailsController.swift */; };
		B781EDBF2242E57A00424895 /* SwipingPhotosController.swift in Sources */ = {isa = PBXBuildFile; fileRef = B781EDBE2242E57A00424895 /* SwipingPhotosController.swift */; };
		B785E0122248637300E33FC9 /* MatchView.swift in Sources */ = {isa = PBXBuildFile; fileRef = B785E0112248637300E33FC9 /* MatchView.swift */; };
		B785E014224887E900E33FC9 /* SendMessageButton.swift in Sources */ = {isa = PBXBuildFile; fileRef = B785E013224887E900E33FC9 /* SendMessageButton.swift */; };
		B785E01622488A5A00E33FC9 /* KeepSwipingButton.swift in Sources */ = {isa = PBXBuildFile; fileRef = B785E01522488A5A00E33FC9 /* KeepSwipingButton.swift */; };
		B7948070222F219500B5097A /* GoogleService-Info.plist in Resources */ = {isa = PBXBuildFile; fileRef = B794806F222F219500B5097A /* GoogleService-Info.plist */; };
		B7948072222FDF0400B5097A /* Bindable.swift in Sources */ = {isa = PBXBuildFile; fileRef = B7948071222FDF0400B5097A /* Bindable.swift */; };
		B7C10FDC222B3E1D00788E01 /* RegistrationController.swift in Sources */ = {isa = PBXBuildFile; fileRef = B7C10FDB222B3E1D00788E01 /* RegistrationController.swift */; };
		B7C10FDE222B4A4A00788E01 /* CustomTextField.swift in Sources */ = {isa = PBXBuildFile; fileRef = B7C10FDD222B4A4A00788E01 /* CustomTextField.swift */; };
		B7C10FE0222B65AE00788E01 /* RegistrationViewModel.swift in Sources */ = {isa = PBXBuildFile; fileRef = B7C10FDF222B65AE00788E01 /* RegistrationViewModel.swift */; };
		B7C5E52E21ED46A500F3AFDA /* AppDelegate.swift in Sources */ = {isa = PBXBuildFile; fileRef = B7C5E52D21ED46A500F3AFDA /* AppDelegate.swift */; };
		B7C5E53021ED46A500F3AFDA /* HomeController.swift in Sources */ = {isa = PBXBuildFile; fileRef = B7C5E52F21ED46A500F3AFDA /* HomeController.swift */; };
		B7C5E53321ED46A500F3AFDA /* Main.storyboard in Resources */ = {isa = PBXBuildFile; fileRef = B7C5E53121ED46A500F3AFDA /* Main.storyboard */; };
		B7C5E53521ED46A800F3AFDA /* Assets.xcassets in Resources */ = {isa = PBXBuildFile; fileRef = B7C5E53421ED46A800F3AFDA /* Assets.xcassets */; };
		B7C5E53821ED46A800F3AFDA /* LaunchScreen.storyboard in Resources */ = {isa = PBXBuildFile; fileRef = B7C5E53621ED46A800F3AFDA /* LaunchScreen.storyboard */; };
		B7C5E54121ED48BE00F3AFDA /* Extensions+UIView.swift in Sources */ = {isa = PBXBuildFile; fileRef = B7C5E54021ED48BE00F3AFDA /* Extensions+UIView.swift */; };
		B7C5E54421ED4F7900F3AFDA /* HomeBottomControlsStackView.swift in Sources */ = {isa = PBXBuildFile; fileRef = B7C5E54321ED4F7900F3AFDA /* HomeBottomControlsStackView.swift */; };
		B7C5E54621ED532900F3AFDA /* TopNavigationStackView.swift in Sources */ = {isa = PBXBuildFile; fileRef = B7C5E54521ED532900F3AFDA /* TopNavigationStackView.swift */; };
		B7C5E54821EE0DDC00F3AFDA /* CardView.swift in Sources */ = {isa = PBXBuildFile; fileRef = B7C5E54721EE0DDC00F3AFDA /* CardView.swift */; };
		B7C5E54B21EFDFAC00F3AFDA /* User.swift in Sources */ = {isa = PBXBuildFile; fileRef = B7C5E54A21EFDFAC00F3AFDA /* User.swift */; };
		B7C5E54F21FA0D9400F3AFDA /* CardViewModel.swift in Sources */ = {isa = PBXBuildFile; fileRef = B7C5E54E21FA0D9400F3AFDA /* CardViewModel.swift */; };
		B7C5E55121FA13A900F3AFDA /* Advertiser.swift in Sources */ = {isa = PBXBuildFile; fileRef = B7C5E55021FA13A900F3AFDA /* Advertiser.swift */; };
/* End PBXBuildFile section */

/* Begin PBXFileReference section */
		2F7F0C260A461F5BBF055108 /* Pods_SwipeMatching.framework */ = {isa = PBXFileReference; explicitFileType = wrapper.framework; includeInIndex = 0; path = Pods_SwipeMatching.framework; sourceTree = BUILT_PRODUCTS_DIR; };
		7D5A5CADEC3DCFCC81B8B8A1 /* Pods-SwipeMatching.release.xcconfig */ = {isa = PBXFileReference; includeInIndex = 1; lastKnownFileType = text.xcconfig; name = "Pods-SwipeMatching.release.xcconfig"; path = "Pods/Target Support Files/Pods-SwipeMatching/Pods-SwipeMatching.release.xcconfig"; sourceTree = "<group>"; };
		B70753DA2243BEE2003D6984 /* PhotoController.swift */ = {isa = PBXFileReference; lastKnownFileType = sourcecode.swift; path = PhotoController.swift; sourceTree = "<group>"; };
		B781EDA62232F53900424895 /* SettingsController.swift */ = {isa = PBXFileReference; lastKnownFileType = sourcecode.swift; path = SettingsController.swift; sourceTree = "<group>"; };
		B781EDA822331FC800424895 /* SettingsCell.swift */ = {isa = PBXFileReference; lastKnownFileType = sourcecode.swift; path = SettingsCell.swift; sourceTree = "<group>"; };
		B781EDAA2235A12100424895 /* AgeRangeCell.swift */ = {isa = PBXFileReference; lastKnownFileType = sourcecode.swift; path = AgeRangeCell.swift; sourceTree = "<group>"; };
		B781EDAD2238B09F00424895 /* LoginController.swift */ = {isa = PBXFileReference; lastKnownFileType = sourcecode.swift; path = LoginController.swift; sourceTree = "<group>"; };
		B781EDAF2238B35A00424895 /* LoginViewModel.swift */ = {isa = PBXFileReference; lastKnownFileType = sourcecode.swift; path = LoginViewModel.swift; sourceTree = "<group>"; };
		B781EDB12238C2F800424895 /* Firebase+Utils.swift */ = {isa = PBXFileReference; lastKnownFileType = sourcecode.swift; path = "Firebase+Utils.swift"; sourceTree = "<group>"; };
		B781EDB4223A7FED00424895 /* UserDetailsController.swift */ = {isa = PBXFileReference; lastKnownFileType = sourcecode.swift; path = UserDetailsController.swift; sourceTree = "<group>"; };
		B781EDBE2242E57A00424895 /* SwipingPhotosController.swift */ = {isa = PBXFileReference; lastKnownFileType = sourcecode.swift; path = SwipingPhotosController.swift; sourceTree = "<group>"; };
		B785E0112248637300E33FC9 /* MatchView.swift */ = {isa = PBXFileReference; lastKnownFileType = sourcecode.swift; path = MatchView.swift; sourceTree = "<group>"; };
		B785E013224887E900E33FC9 /* SendMessageButton.swift */ = {isa = PBXFileReference; lastKnownFileType = sourcecode.swift; path = SendMessageButton.swift; sourceTree = "<group>"; };
		B785E01522488A5A00E33FC9 /* KeepSwipingButton.swift */ = {isa = PBXFileReference; lastKnownFileType = sourcecode.swift; path = KeepSwipingButton.swift; sourceTree = "<group>"; };
		B794806F222F219500B5097A /* GoogleService-Info.plist */ = {isa = PBXFileReference; fileEncoding = 4; lastKnownFileType = text.plist.xml; path = "GoogleService-Info.plist"; sourceTree = "<group>"; };
		B7948071222FDF0400B5097A /* Bindable.swift */ = {isa = PBXFileReference; lastKnownFileType = sourcecode.swift; path = Bindable.swift; sourceTree = "<group>"; };
		B7C10FDB222B3E1D00788E01 /* RegistrationController.swift */ = {isa = PBXFileReference; lastKnownFileType = sourcecode.swift; path = RegistrationController.swift; sourceTree = "<group>"; };
		B7C10FDD222B4A4A00788E01 /* CustomTextField.swift */ = {isa = PBXFileReference; lastKnownFileType = sourcecode.swift; path = CustomTextField.swift; sourceTree = "<group>"; };
		B7C10FDF222B65AE00788E01 /* RegistrationViewModel.swift */ = {isa = PBXFileReference; lastKnownFileType = sourcecode.swift; path = RegistrationViewModel.swift; sourceTree = "<group>"; };
		B7C5E52A21ED46A500F3AFDA /* SwipeMatching.app */ = {isa = PBXFileReference; explicitFileType = wrapper.application; includeInIndex = 0; path = SwipeMatching.app; sourceTree = BUILT_PRODUCTS_DIR; };
		B7C5E52D21ED46A500F3AFDA /* AppDelegate.swift */ = {isa = PBXFileReference; lastKnownFileType = sourcecode.swift; path = AppDelegate.swift; sourceTree = "<group>"; };
		B7C5E52F21ED46A500F3AFDA /* HomeController.swift */ = {isa = PBXFileReference; lastKnownFileType = sourcecode.swift; path = HomeController.swift; sourceTree = "<group>"; };
		B7C5E53221ED46A500F3AFDA /* Base */ = {isa = PBXFileReference; lastKnownFileType = file.storyboard; name = Base; path = Base.lproj/Main.storyboard; sourceTree = "<group>"; };
		B7C5E53421ED46A800F3AFDA /* Assets.xcassets */ = {isa = PBXFileReference; lastKnownFileType = folder.assetcatalog; path = Assets.xcassets; sourceTree = "<group>"; };
		B7C5E53721ED46A800F3AFDA /* Base */ = {isa = PBXFileReference; lastKnownFileType = file.storyboard; name = Base; path = Base.lproj/LaunchScreen.storyboard; sourceTree = "<group>"; };
		B7C5E53921ED46A800F3AFDA /* Info.plist */ = {isa = PBXFileReference; lastKnownFileType = text.plist.xml; path = Info.plist; sourceTree = "<group>"; };
		B7C5E54021ED48BE00F3AFDA /* Extensions+UIView.swift */ = {isa = PBXFileReference; lastKnownFileType = sourcecode.swift; path = "Extensions+UIView.swift"; sourceTree = "<group>"; };
		B7C5E54321ED4F7900F3AFDA /* HomeBottomControlsStackView.swift */ = {isa = PBXFileReference; lastKnownFileType = sourcecode.swift; path = HomeBottomControlsStackView.swift; sourceTree = "<group>"; };
		B7C5E54521ED532900F3AFDA /* TopNavigationStackView.swift */ = {isa = PBXFileReference; lastKnownFileType = sourcecode.swift; path = TopNavigationStackView.swift; sourceTree = "<group>"; };
		B7C5E54721EE0DDC00F3AFDA /* CardView.swift */ = {isa = PBXFileReference; lastKnownFileType = sourcecode.swift; path = CardView.swift; sourceTree = "<group>"; };
		B7C5E54A21EFDFAC00F3AFDA /* User.swift */ = {isa = PBXFileReference; lastKnownFileType = sourcecode.swift; path = User.swift; sourceTree = "<group>"; };
		B7C5E54E21FA0D9400F3AFDA /* CardViewModel.swift */ = {isa = PBXFileReference; lastKnownFileType = sourcecode.swift; path = CardViewModel.swift; sourceTree = "<group>"; };
		B7C5E55021FA13A900F3AFDA /* Advertiser.swift */ = {isa = PBXFileReference; lastKnownFileType = sourcecode.swift; path = Advertiser.swift; sourceTree = "<group>"; };
		F10A24DCA6A5B490B0960408 /* Pods-SwipeMatching.debug.xcconfig */ = {isa = PBXFileReference; includeInIndex = 1; lastKnownFileType = text.xcconfig; name = "Pods-SwipeMatching.debug.xcconfig"; path = "Pods/Target Support Files/Pods-SwipeMatching/Pods-SwipeMatching.debug.xcconfig"; sourceTree = "<group>"; };
/* End PBXFileReference section */

/* Begin PBXFrameworksBuildPhase section */
		B7C5E52721ED46A500F3AFDA /* Frameworks */ = {
			isa = PBXFrameworksBuildPhase;
			buildActionMask = 2147483647;
			files = (
				0915570BA91022D8197E87AA /* Pods_SwipeMatching.framework in Frameworks */,
			);
			runOnlyForDeploymentPostprocessing = 0;
		};
/* End PBXFrameworksBuildPhase section */

/* Begin PBXGroup section */
		50927C8E29E3DAFB0BA50BE2 /* Pods */ = {
			isa = PBXGroup;
			children = (
				F10A24DCA6A5B490B0960408 /* Pods-SwipeMatching.debug.xcconfig */,
				7D5A5CADEC3DCFCC81B8B8A1 /* Pods-SwipeMatching.release.xcconfig */,
			);
			name = Pods;
			sourceTree = "<group>";
		};
		B781EDAC2238ACA300424895 /* Login */ = {
			isa = PBXGroup;
			children = (
				B781EDAD2238B09F00424895 /* LoginController.swift */,
				B781EDAF2238B35A00424895 /* LoginViewModel.swift */,
			);
			path = Login;
			sourceTree = "<group>";
		};
		B781EDB3223A7FD800424895 /* User Details */ = {
			isa = PBXGroup;
			children = (
				B781EDB4223A7FED00424895 /* UserDetailsController.swift */,
				B781EDBE2242E57A00424895 /* SwipingPhotosController.swift */,
				B70753DA2243BEE2003D6984 /* PhotoController.swift */,
			);
			path = "User Details";
			sourceTree = "<group>";
		};
		B7C5E52121ED46A500F3AFDA = {
			isa = PBXGroup;
			children = (
				B7C5E52C21ED46A500F3AFDA /* SwipeMatching */,
				B7C5E52B21ED46A500F3AFDA /* Products */,
				50927C8E29E3DAFB0BA50BE2 /* Pods */,
				C80C46404E032AA9B4D45987 /* Frameworks */,
			);
			sourceTree = "<group>";
		};
		B7C5E52B21ED46A500F3AFDA /* Products */ = {
			isa = PBXGroup;
			children = (
				B7C5E52A21ED46A500F3AFDA /* SwipeMatching.app */,
			);
			name = Products;
			sourceTree = "<group>";
		};
		B7C5E52C21ED46A500F3AFDA /* SwipeMatching */ = {
			isa = PBXGroup;
			children = (
				B7C5E54D21FA0D7F00F3AFDA /* ViewModels */,
				B7C5E54921EFDF9B00F3AFDA /* Model */,
				B7C5E54221ED4F3E00F3AFDA /* Views */,
				B7C5E54C21FA0CEC00F3AFDA /* Controllers */,
				B7C5E53F21ED483600F3AFDA /* Extensions */,
				B7C5E52D21ED46A500F3AFDA /* AppDelegate.swift */,
				B7C5E53121ED46A500F3AFDA /* Main.storyboard */,
				B7C5E53421ED46A800F3AFDA /* Assets.xcassets */,
				B7C5E53621ED46A800F3AFDA /* LaunchScreen.storyboard */,
				B7C5E53921ED46A800F3AFDA /* Info.plist */,
				B794806F222F219500B5097A /* GoogleService-Info.plist */,
			);
			path = SwipeMatching;
			sourceTree = "<group>";
		};
		B7C5E53F21ED483600F3AFDA /* Extensions */ = {
			isa = PBXGroup;
			children = (
				B7C5E54021ED48BE00F3AFDA /* Extensions+UIView.swift */,
				B781EDB12238C2F800424895 /* Firebase+Utils.swift */,
			);
			path = Extensions;
			sourceTree = "<group>";
		};
		B7C5E54221ED4F3E00F3AFDA /* Views */ = {
			isa = PBXGroup;
			children = (
				B7C5E54321ED4F7900F3AFDA /* HomeBottomControlsStackView.swift */,
				B7C5E54521ED532900F3AFDA /* TopNavigationStackView.swift */,
				B7C5E54721EE0DDC00F3AFDA /* CardView.swift */,
				B7C10FDD222B4A4A00788E01 /* CustomTextField.swift */,
				B781EDA822331FC800424895 /* SettingsCell.swift */,
				B781EDAA2235A12100424895 /* AgeRangeCell.swift */,
				B785E0112248637300E33FC9 /* MatchView.swift */,
				B785E013224887E900E33FC9 /* SendMessageButton.swift */,
				B785E01522488A5A00E33FC9 /* KeepSwipingButton.swift */,
			);
			path = Views;
			sourceTree = "<group>";
		};
		B7C5E54921EFDF9B00F3AFDA /* Model */ = {
			isa = PBXGroup;
			children = (
				B7C5E54A21EFDFAC00F3AFDA /* User.swift */,
				B7C5E55021FA13A900F3AFDA /* Advertiser.swift */,
			);
			path = Model;
			sourceTree = "<group>";
		};
		B7C5E54C21FA0CEC00F3AFDA /* Controllers */ = {
			isa = PBXGroup;
			children = (
				B781EDB3223A7FD800424895 /* User Details */,
				B781EDAC2238ACA300424895 /* Login */,
				B7C5E52F21ED46A500F3AFDA /* HomeController.swift */,
				B7C10FDB222B3E1D00788E01 /* RegistrationController.swift */,
				B7C10FDF222B65AE00788E01 /* RegistrationViewModel.swift */,
				B7948071222FDF0400B5097A /* Bindable.swift */,
				B781EDA62232F53900424895 /* SettingsController.swift */,
			);
			path = Controllers;
			sourceTree = "<group>";
		};
		B7C5E54D21FA0D7F00F3AFDA /* ViewModels */ = {
			isa = PBXGroup;
			children = (
				B7C5E54E21FA0D9400F3AFDA /* CardViewModel.swift */,
			);
			path = ViewModels;
			sourceTree = "<group>";
		};
		C80C46404E032AA9B4D45987 /* Frameworks */ = {
			isa = PBXGroup;
			children = (
				2F7F0C260A461F5BBF055108 /* Pods_SwipeMatching.framework */,
			);
			name = Frameworks;
			sourceTree = "<group>";
		};
/* End PBXGroup section */

/* Begin PBXNativeTarget section */
		B7C5E52921ED46A500F3AFDA /* SwipeMatching */ = {
			isa = PBXNativeTarget;
			buildConfigurationList = B7C5E53C21ED46A800F3AFDA /* Build configuration list for PBXNativeTarget "SwipeMatching" */;
			buildPhases = (
				4EC239542434CA56E80C259E /* [CP] Check Pods Manifest.lock */,
				B7C5E52621ED46A500F3AFDA /* Sources */,
				B7C5E52721ED46A500F3AFDA /* Frameworks */,
				B7C5E52821ED46A500F3AFDA /* Resources */,
				143E6006BCF7C836A80BB0E4 /* [CP] Embed Pods Frameworks */,
			);
			buildRules = (
			);
			dependencies = (
			);
			name = SwipeMatching;
			productName = SwipeMatching;
			productReference = B7C5E52A21ED46A500F3AFDA /* SwipeMatching.app */;
			productType = "com.apple.product-type.application";
		};
/* End PBXNativeTarget section */

/* Begin PBXProject section */
		B7C5E52221ED46A500F3AFDA /* Project object */ = {
			isa = PBXProject;
			attributes = {
				LastSwiftUpdateCheck = 1010;
				LastUpgradeCheck = 1010;
				ORGANIZATIONNAME = "Hrabowskie, Rj";
				TargetAttributes = {
					B7C5E52921ED46A500F3AFDA = {
						CreatedOnToolsVersion = 10.1;
					};
				};
			};
			buildConfigurationList = B7C5E52521ED46A500F3AFDA /* Build configuration list for PBXProject "SwipeMatching" */;
			compatibilityVersion = "Xcode 9.3";
			developmentRegion = en;
			hasScannedForEncodings = 0;
			knownRegions = (
				en,
				Base,
			);
			mainGroup = B7C5E52121ED46A500F3AFDA;
			productRefGroup = B7C5E52B21ED46A500F3AFDA /* Products */;
			projectDirPath = "";
			projectRoot = "";
			targets = (
				B7C5E52921ED46A500F3AFDA /* SwipeMatching */,
			);
		};
/* End PBXProject section */

/* Begin PBXResourcesBuildPhase section */
		B7C5E52821ED46A500F3AFDA /* Resources */ = {
			isa = PBXResourcesBuildPhase;
			buildActionMask = 2147483647;
			files = (
				B7C5E53821ED46A800F3AFDA /* LaunchScreen.storyboard in Resources */,
				B7948070222F219500B5097A /* GoogleService-Info.plist in Resources */,
				B7C5E53521ED46A800F3AFDA /* Assets.xcassets in Resources */,
				B7C5E53321ED46A500F3AFDA /* Main.storyboard in Resources */,
			);
			runOnlyForDeploymentPostprocessing = 0;
		};
/* End PBXResourcesBuildPhase section */

/* Begin PBXShellScriptBuildPhase section */
		143E6006BCF7C836A80BB0E4 /* [CP] Embed Pods Frameworks */ = {
			isa = PBXShellScriptBuildPhase;
			buildActionMask = 2147483647;
			files = (
			);
			inputFileListPaths = (
			);
			inputPaths = (
				"${SRCROOT}/Pods/Target Support Files/Pods-SwipeMatching/Pods-SwipeMatching-frameworks.sh",
				"${BUILT_PRODUCTS_DIR}/BoringSSL-GRPC/openssl_grpc.framework",
				"${BUILT_PRODUCTS_DIR}/GTMSessionFetcher/GTMSessionFetcher.framework",
				"${BUILT_PRODUCTS_DIR}/GoogleUtilities/GoogleUtilities.framework",
				"${BUILT_PRODUCTS_DIR}/JGProgressHUD/JGProgressHUD.framework",
				"${BUILT_PRODUCTS_DIR}/Protobuf/Protobuf.framework",
				"${BUILT_PRODUCTS_DIR}/SDWebImage/SDWebImage.framework",
				"${BUILT_PRODUCTS_DIR}/gRPC/GRPCClient.framework",
				"${BUILT_PRODUCTS_DIR}/gRPC-C++/grpcpp.framework",
				"${BUILT_PRODUCTS_DIR}/gRPC-Core/grpc.framework",
				"${BUILT_PRODUCTS_DIR}/gRPC-ProtoRPC/ProtoRPC.framework",
				"${BUILT_PRODUCTS_DIR}/gRPC-RxLibrary/RxLibrary.framework",
				"${BUILT_PRODUCTS_DIR}/leveldb-library/leveldb.framework",
				"${BUILT_PRODUCTS_DIR}/nanopb/nanopb.framework",
			);
			name = "[CP] Embed Pods Frameworks";
			outputFileListPaths = (
			);
			outputPaths = (
				"${TARGET_BUILD_DIR}/${FRAMEWORKS_FOLDER_PATH}/openssl_grpc.framework",
				"${TARGET_BUILD_DIR}/${FRAMEWORKS_FOLDER_PATH}/GTMSessionFetcher.framework",
				"${TARGET_BUILD_DIR}/${FRAMEWORKS_FOLDER_PATH}/GoogleUtilities.framework",
				"${TARGET_BUILD_DIR}/${FRAMEWORKS_FOLDER_PATH}/JGProgressHUD.framework",
				"${TARGET_BUILD_DIR}/${FRAMEWORKS_FOLDER_PATH}/Protobuf.framework",
				"${TARGET_BUILD_DIR}/${FRAMEWORKS_FOLDER_PATH}/SDWebImage.framework",
				"${TARGET_BUILD_DIR}/${FRAMEWORKS_FOLDER_PATH}/GRPCClient.framework",
				"${TARGET_BUILD_DIR}/${FRAMEWORKS_FOLDER_PATH}/grpcpp.framework",
				"${TARGET_BUILD_DIR}/${FRAMEWORKS_FOLDER_PATH}/grpc.framework",
				"${TARGET_BUILD_DIR}/${FRAMEWORKS_FOLDER_PATH}/ProtoRPC.framework",
				"${TARGET_BUILD_DIR}/${FRAMEWORKS_FOLDER_PATH}/RxLibrary.framework",
				"${TARGET_BUILD_DIR}/${FRAMEWORKS_FOLDER_PATH}/leveldb.framework",
				"${TARGET_BUILD_DIR}/${FRAMEWORKS_FOLDER_PATH}/nanopb.framework",
			);
			runOnlyForDeploymentPostprocessing = 0;
			shellPath = /bin/sh;
			shellScript = "\"${SRCROOT}/Pods/Target Support Files/Pods-SwipeMatching/Pods-SwipeMatching-frameworks.sh\"\n";
			showEnvVarsInLog = 0;
		};
		4EC239542434CA56E80C259E /* [CP] Check Pods Manifest.lock */ = {
			isa = PBXShellScriptBuildPhase;
			buildActionMask = 2147483647;
			files = (
			);
			inputFileListPaths = (
			);
			inputPaths = (
				"${PODS_PODFILE_DIR_PATH}/Podfile.lock",
				"${PODS_ROOT}/Manifest.lock",
			);
			name = "[CP] Check Pods Manifest.lock";
			outputFileListPaths = (
			);
			outputPaths = (
				"$(DERIVED_FILE_DIR)/Pods-SwipeMatching-checkManifestLockResult.txt",
			);
			runOnlyForDeploymentPostprocessing = 0;
			shellPath = /bin/sh;
			shellScript = "diff \"${PODS_PODFILE_DIR_PATH}/Podfile.lock\" \"${PODS_ROOT}/Manifest.lock\" > /dev/null\nif [ $? != 0 ] ; then\n    # print error to STDERR\n    echo \"error: The sandbox is not in sync with the Podfile.lock. Run 'pod install' or update your CocoaPods installation.\" >&2\n    exit 1\nfi\n# This output is used by Xcode 'outputs' to avoid re-running this script phase.\necho \"SUCCESS\" > \"${SCRIPT_OUTPUT_FILE_0}\"\n";
			showEnvVarsInLog = 0;
		};
/* End PBXShellScriptBuildPhase section */

/* Begin PBXSourcesBuildPhase section */
		B7C5E52621ED46A500F3AFDA /* Sources */ = {
			isa = PBXSourcesBuildPhase;
			buildActionMask = 2147483647;
			files = (
				B7948072222FDF0400B5097A /* Bindable.swift in Sources */,
				B7C5E53021ED46A500F3AFDA /* HomeController.swift in Sources */,
				B7C10FE0222B65AE00788E01 /* RegistrationViewModel.swift in Sources */,
				B7C10FDE222B4A4A00788E01 /* CustomTextField.swift in Sources */,
				B7C5E54421ED4F7900F3AFDA /* HomeBottomControlsStackView.swift in Sources */,
				B7C5E55121FA13A900F3AFDA /* Advertiser.swift in Sources */,
				B7C5E52E21ED46A500F3AFDA /* AppDelegate.swift in Sources */,
				B781EDB5223A7FED00424895 /* UserDetailsController.swift in Sources */,
				B785E01622488A5A00E33FC9 /* KeepSwipingButton.swift in Sources */,
				B781EDAB2235A12100424895 /* AgeRangeCell.swift in Sources */,
				B781EDB02238B35A00424895 /* LoginViewModel.swift in Sources */,
				B7C5E54121ED48BE00F3AFDA /* Extensions+UIView.swift in Sources */,
				B781EDB22238C2F800424895 /* Firebase+Utils.swift in Sources */,
				B7C5E54F21FA0D9400F3AFDA /* CardViewModel.swift in Sources */,
				B7C5E54821EE0DDC00F3AFDA /* CardView.swift in Sources */,
				B781EDAE2238B09F00424895 /* LoginController.swift in Sources */,
				B781EDA72232F53900424895 /* SettingsController.swift in Sources */,
				B70753DB2243BEE2003D6984 /* PhotoController.swift in Sources */,
				B7C5E54621ED532900F3AFDA /* TopNavigationStackView.swift in Sources */,
				B7C10FDC222B3E1D00788E01 /* RegistrationController.swift in Sources */,
				B7C5E54B21EFDFAC00F3AFDA /* User.swift in Sources */,
				B781EDA922331FC800424895 /* SettingsCell.swift in Sources */,
				B785E014224887E900E33FC9 /* SendMessageButton.swift in Sources */,
				B785E0122248637300E33FC9 /* MatchView.swift in Sources */,
				B781EDBF2242E57A00424895 /* SwipingPhotosController.swift in Sources */,
			);
			runOnlyForDeploymentPostprocessing = 0;
		};
/* End PBXSourcesBuildPhase section */

/* Begin PBXVariantGroup section */
		B7C5E53121ED46A500F3AFDA /* Main.storyboard */ = {
			isa = PBXVariantGroup;
			children = (
				B7C5E53221ED46A500F3AFDA /* Base */,
			);
			name = Main.storyboard;
			sourceTree = "<group>";
		};
		B7C5E53621ED46A800F3AFDA /* LaunchScreen.storyboard */ = {
			isa = PBXVariantGroup;
			children = (
				B7C5E53721ED46A800F3AFDA /* Base */,
			);
			name = LaunchScreen.storyboard;
			sourceTree = "<group>";
		};
/* End PBXVariantGroup section */

/* Begin XCBuildConfiguration section */
		B7C5E53A21ED46A800F3AFDA /* Debug */ = {
			isa = XCBuildConfiguration;
			buildSettings = {
				ALWAYS_SEARCH_USER_PATHS = NO;
				CLANG_ANALYZER_NONNULL = YES;
				CLANG_ANALYZER_NUMBER_OBJECT_CONVERSION = YES_AGGRESSIVE;
				CLANG_CXX_LANGUAGE_STANDARD = "gnu++14";
				CLANG_CXX_LIBRARY = "libc++";
				CLANG_ENABLE_MODULES = YES;
				CLANG_ENABLE_OBJC_ARC = YES;
				CLANG_ENABLE_OBJC_WEAK = YES;
				CLANG_WARN_BLOCK_CAPTURE_AUTORELEASING = YES;
				CLANG_WARN_BOOL_CONVERSION = YES;
				CLANG_WARN_COMMA = YES;
				CLANG_WARN_CONSTANT_CONVERSION = YES;
				CLANG_WARN_DEPRECATED_OBJC_IMPLEMENTATIONS = YES;
				CLANG_WARN_DIRECT_OBJC_ISA_USAGE = YES_ERROR;
				CLANG_WARN_DOCUMENTATION_COMMENTS = YES;
				CLANG_WARN_EMPTY_BODY = YES;
				CLANG_WARN_ENUM_CONVERSION = YES;
				CLANG_WARN_INFINITE_RECURSION = YES;
				CLANG_WARN_INT_CONVERSION = YES;
				CLANG_WARN_NON_LITERAL_NULL_CONVERSION = YES;
				CLANG_WARN_OBJC_IMPLICIT_RETAIN_SELF = YES;
				CLANG_WARN_OBJC_LITERAL_CONVERSION = YES;
				CLANG_WARN_OBJC_ROOT_CLASS = YES_ERROR;
				CLANG_WARN_RANGE_LOOP_ANALYSIS = YES;
				CLANG_WARN_STRICT_PROTOTYPES = YES;
				CLANG_WARN_SUSPICIOUS_MOVE = YES;
				CLANG_WARN_UNGUARDED_AVAILABILITY = YES_AGGRESSIVE;
				CLANG_WARN_UNREACHABLE_CODE = YES;
				CLANG_WARN__DUPLICATE_METHOD_MATCH = YES;
				CODE_SIGN_IDENTITY = "iPhone Developer";
				COPY_PHASE_STRIP = NO;
				DEBUG_INFORMATION_FORMAT = dwarf;
				ENABLE_STRICT_OBJC_MSGSEND = YES;
				ENABLE_TESTABILITY = YES;
				GCC_C_LANGUAGE_STANDARD = gnu11;
				GCC_DYNAMIC_NO_PIC = NO;
				GCC_NO_COMMON_BLOCKS = YES;
				GCC_OPTIMIZATION_LEVEL = 0;
				GCC_PREPROCESSOR_DEFINITIONS = (
					"DEBUG=1",
					"$(inherited)",
				);
				GCC_WARN_64_TO_32_BIT_CONVERSION = YES;
				GCC_WARN_ABOUT_RETURN_TYPE = YES_ERROR;
				GCC_WARN_UNDECLARED_SELECTOR = YES;
				GCC_WARN_UNINITIALIZED_AUTOS = YES_AGGRESSIVE;
				GCC_WARN_UNUSED_FUNCTION = YES;
				GCC_WARN_UNUSED_VARIABLE = YES;
				IPHONEOS_DEPLOYMENT_TARGET = 12.1;
				MTL_ENABLE_DEBUG_INFO = INCLUDE_SOURCE;
				MTL_FAST_MATH = YES;
				ONLY_ACTIVE_ARCH = YES;
				SDKROOT = iphoneos;
				SWIFT_ACTIVE_COMPILATION_CONDITIONS = DEBUG;
				SWIFT_OPTIMIZATION_LEVEL = "-Onone";
			};
			name = Debug;
		};
		B7C5E53B21ED46A800F3AFDA /* Release */ = {
			isa = XCBuildConfiguration;
			buildSettings = {
				ALWAYS_SEARCH_USER_PATHS = NO;
				CLANG_ANALYZER_NONNULL = YES;
				CLANG_ANALYZER_NUMBER_OBJECT_CONVERSION = YES_AGGRESSIVE;
				CLANG_CXX_LANGUAGE_STANDARD = "gnu++14";
				CLANG_CXX_LIBRARY = "libc++";
				CLANG_ENABLE_MODULES = YES;
				CLANG_ENABLE_OBJC_ARC = YES;
				CLANG_ENABLE_OBJC_WEAK = YES;
				CLANG_WARN_BLOCK_CAPTURE_AUTORELEASING = YES;
				CLANG_WARN_BOOL_CONVERSION = YES;
				CLANG_WARN_COMMA = YES;
				CLANG_WARN_CONSTANT_CONVERSION = YES;
				CLANG_WARN_DEPRECATED_OBJC_IMPLEMENTATIONS = YES;
				CLANG_WARN_DIRECT_OBJC_ISA_USAGE = YES_ERROR;
				CLANG_WARN_DOCUMENTATION_COMMENTS = YES;
				CLANG_WARN_EMPTY_BODY = YES;
				CLANG_WARN_ENUM_CONVERSION = YES;
				CLANG_WARN_INFINITE_RECURSION = YES;
				CLANG_WARN_INT_CONVERSION = YES;
				CLANG_WARN_NON_LITERAL_NULL_CONVERSION = YES;
				CLANG_WARN_OBJC_IMPLICIT_RETAIN_SELF = YES;
				CLANG_WARN_OBJC_LITERAL_CONVERSION = YES;
				CLANG_WARN_OBJC_ROOT_CLASS = YES_ERROR;
				CLANG_WARN_RANGE_LOOP_ANALYSIS = YES;
				CLANG_WARN_STRICT_PROTOTYPES = YES;
				CLANG_WARN_SUSPICIOUS_MOVE = YES;
				CLANG_WARN_UNGUARDED_AVAILABILITY = YES_AGGRESSIVE;
				CLANG_WARN_UNREACHABLE_CODE = YES;
				CLANG_WARN__DUPLICATE_METHOD_MATCH = YES;
				CODE_SIGN_IDENTITY = "iPhone Developer";
				COPY_PHASE_STRIP = NO;
				DEBUG_INFORMATION_FORMAT = "dwarf-with-dsym";
				ENABLE_NS_ASSERTIONS = NO;
				ENABLE_STRICT_OBJC_MSGSEND = YES;
				GCC_C_LANGUAGE_STANDARD = gnu11;
				GCC_NO_COMMON_BLOCKS = YES;
				GCC_WARN_64_TO_32_BIT_CONVERSION = YES;
				GCC_WARN_ABOUT_RETURN_TYPE = YES_ERROR;
				GCC_WARN_UNDECLARED_SELECTOR = YES;
				GCC_WARN_UNINITIALIZED_AUTOS = YES_AGGRESSIVE;
				GCC_WARN_UNUSED_FUNCTION = YES;
				GCC_WARN_UNUSED_VARIABLE = YES;
				IPHONEOS_DEPLOYMENT_TARGET = 12.1;
				MTL_ENABLE_DEBUG_INFO = NO;
				MTL_FAST_MATH = YES;
				SDKROOT = iphoneos;
				SWIFT_COMPILATION_MODE = wholemodule;
				SWIFT_OPTIMIZATION_LEVEL = "-O";
				VALIDATE_PRODUCT = YES;
			};
			name = Release;
		};
		B7C5E53D21ED46A800F3AFDA /* Debug */ = {
			isa = XCBuildConfiguration;
			baseConfigurationReference = F10A24DCA6A5B490B0960408 /* Pods-SwipeMatching.debug.xcconfig */;
			buildSettings = {
				ASSETCATALOG_COMPILER_APPICON_NAME = AppIcon;
				CODE_SIGN_STYLE = Automatic;
				DEVELOPMENT_TEAM = XC48HTB69A;
				INFOPLIST_FILE = SwipeMatching/Info.plist;
				LD_RUNPATH_SEARCH_PATHS = (
					"$(inherited)",
					"@executable_path/Frameworks",
				);
				PRODUCT_BUNDLE_IDENTIFIER = com.rjhrabowskie.SwipeMatching;
				PRODUCT_NAME = "$(TARGET_NAME)";
				SWIFT_VERSION = 4.2;
				TARGETED_DEVICE_FAMILY = "1,2";
			};
			name = Debug;
		};
		B7C5E53E21ED46A800F3AFDA /* Release */ = {
			isa = XCBuildConfiguration;
			baseConfigurationReference = 7D5A5CADEC3DCFCC81B8B8A1 /* Pods-SwipeMatching.release.xcconfig */;
			buildSettings = {
				ASSETCATALOG_COMPILER_APPICON_NAME = AppIcon;
				CODE_SIGN_STYLE = Automatic;
				DEVELOPMENT_TEAM = XC48HTB69A;
				INFOPLIST_FILE = SwipeMatching/Info.plist;
				LD_RUNPATH_SEARCH_PATHS = (
					"$(inherited)",
					"@executable_path/Frameworks",
				);
				PRODUCT_BUNDLE_IDENTIFIER = com.rjhrabowskie.SwipeMatching;
				PRODUCT_NAME = "$(TARGET_NAME)";
				SWIFT_VERSION = 4.2;
				TARGETED_DEVICE_FAMILY = "1,2";
			};
			name = Release;
		};
/* End XCBuildConfiguration section */

/* Begin XCConfigurationList section */
		B7C5E52521ED46A500F3AFDA /* Build configuration list for PBXProject "SwipeMatching" */ = {
			isa = XCConfigurationList;
			buildConfigurations = (
				B7C5E53A21ED46A800F3AFDA /* Debug */,
				B7C5E53B21ED46A800F3AFDA /* Release */,
			);
			defaultConfigurationIsVisible = 0;
			defaultConfigurationName = Release;
		};
		B7C5E53C21ED46A800F3AFDA /* Build configuration list for PBXNativeTarget "SwipeMatching" */ = {
			isa = XCConfigurationList;
			buildConfigurations = (
				B7C5E53D21ED46A800F3AFDA /* Debug */,
				B7C5E53E21ED46A800F3AFDA /* Release */,
			);
			defaultConfigurationIsVisible = 0;
			defaultConfigurationName = Release;
		};
/* End XCConfigurationList section */
	};
	rootObject = B7C5E52221ED46A500F3AFDA /* Project object */;
}
